
Microsoft Visual Studio Solution File, Format Version 12.00
# Visual Studio Version 17
VisualStudioVersion = 17.0.31903.59
MinimumVisualStudioVersion = 10.0.40219.1
Project("{FAE04EC0-301F-11D3-BF4B-00C04F79EFBC}") = "ImportService", "ImportService\ImportService.csproj", "{2A1D556D-F211-4004-8ED8-A534CB8B08F5}"
EndProject
Project("{FAE04EC0-301F-11D3-BF4B-00C04F79EFBC}") = "CategorizationService", "CategorizationService\CategorizationService.csproj", "{18595166-3200-42B8-BD31-225CA54ACBBC}"
EndProject
Project("{FAE04EC0-301F-11D3-BF4B-00C04F79EFBC}") = "FinOps.Contracts", "FinOps.Contracts\FinOps.Contracts.csproj", "{8079A04B-6B9D-438D-8D2B-24DE60A83C06}"
EndProject
Global
	GlobalSection(SolutionConfigurationPlatforms) = preSolution
		Debug|Any CPU = Debug|Any CPU
		Release|Any CPU = Release|Any CPU
	EndGlobalSection
	GlobalSection(SolutionProperties) = preSolution
		HideSolutionNode = FALSE
	EndGlobalSection
	GlobalSection(ProjectConfigurationPlatforms) = postSolution
		{2A1D556D-F211-4004-8ED8-A534CB8B08F5}.Debug|Any CPU.ActiveCfg = Debug|Any CPU
		{2A1D556D-F211-4004-8ED8-A534CB8B08F5}.Debug|Any CPU.Build.0 = Debug|Any CPU
		{2A1D556D-F211-4004-8ED8-A534CB8B08F5}.Release|Any CPU.ActiveCfg = Release|Any CPU
		{2A1D556D-F211-4004-8ED8-A534CB8B08F5}.Release|Any CPU.Build.0 = Release|Any CPU
		{18595166-3200-42B8-BD31-225CA54ACBBC}.Debug|Any CPU.ActiveCfg = Debug|Any CPU
		{18595166-3200-42B8-BD31-225CA54ACBBC}.Debug|Any CPU.Build.0 = Debug|Any CPU
		{18595166-3200-42B8-BD31-225CA54ACBBC}.Release|Any CPU.ActiveCfg = Release|Any CPU
		{18595166-3200-42B8-BD31-225CA54ACBBC}.Release|Any CPU.Build.0 = Release|Any CPU
		{8079A04B-6B9D-438D-8D2B-24DE60A83C06}.Debug|Any CPU.ActiveCfg = Debug|Any CPU
		{8079A04B-6B9D-438D-8D2B-24DE60A83C06}.Debug|Any CPU.Build.0 = Debug|Any CPU
		{8079A04B-6B9D-438D-8D2B-24DE60A83C06}.Release|Any CPU.ActiveCfg = Release|Any CPU
		{8079A04B-6B9D-438D-8D2B-24DE60A83C06}.Release|Any CPU.Build.0 = Release|Any CPU
	EndGlobalSection
EndGlobal
